
Microsoft Visual Studio Solution File, Format Version 12.00
# Visual Studio Version 16
VisualStudioVersion = 16.0.30002.166
MinimumVisualStudioVersion = 15.0.26124.0
Project("{9A19103F-16F7-4668-BE54-9A1E7A4F7556}") = "OBusiness.Core", "OBusiness.Core\OBusiness.Core.csproj", "{290184FF-CBA2-406C-B0CC-C361DF5C10DF}"
EndProject
Project("{9A19103F-16F7-4668-BE54-9A1E7A4F7556}") = "OBusiness.Services", "OBusiness.Services\OBusiness.Services.csproj", "{45E58265-BE69-45AC-9F7B-671983CB331A}"
	ProjectSection(ProjectDependencies) = postProject
		{290184FF-CBA2-406C-B0CC-C361DF5C10DF} = {290184FF-CBA2-406C-B0CC-C361DF5C10DF}
	EndProjectSection
EndProject
Project("{9A19103F-16F7-4668-BE54-9A1E7A4F7556}") = "OBusinessApi", "OBusinessApi\OBusinessApi.csproj", "{3B8FEC0B-CAFD-4898-BDD6-E87B85F67C36}"
	ProjectSection(ProjectDependencies) = postProject
		{45E58265-BE69-45AC-9F7B-671983CB331A} = {45E58265-BE69-45AC-9F7B-671983CB331A}
		{290184FF-CBA2-406C-B0CC-C361DF5C10DF} = {290184FF-CBA2-406C-B0CC-C361DF5C10DF}
	EndProjectSection
EndProject
Global
	GlobalSection(SolutionConfigurationPlatforms) = preSolution
		Debug|Any CPU = Debug|Any CPU
		Debug|x64 = Debug|x64
		Debug|x86 = Debug|x86
		Release|Any CPU = Release|Any CPU
		Release|x64 = Release|x64
		Release|x86 = Release|x86
	EndGlobalSection
	GlobalSection(ProjectConfigurationPlatforms) = postSolution
		{290184FF-CBA2-406C-B0CC-C361DF5C10DF}.Debug|Any CPU.ActiveCfg = Debug|Any CPU
		{290184FF-CBA2-406C-B0CC-C361DF5C10DF}.Debug|Any CPU.Build.0 = Debug|Any CPU
		{290184FF-CBA2-406C-B0CC-C361DF5C10DF}.Debug|x64.ActiveCfg = Debug|Any CPU
		{290184FF-CBA2-406C-B0CC-C361DF5C10DF}.Debug|x64.Build.0 = Debug|Any CPU
		{290184FF-CBA2-406C-B0CC-C361DF5C10DF}.Debug|x86.ActiveCfg = Debug|Any CPU
		{290184FF-CBA2-406C-B0CC-C361DF5C10DF}.Debug|x86.Build.0 = Debug|Any CPU
		{290184FF-CBA2-406C-B0CC-C361DF5C10DF}.Release|Any CPU.ActiveCfg = Release|Any CPU
		{290184FF-CBA2-406C-B0CC-C361DF5C10DF}.Release|Any CPU.Build.0 = Release|Any CPU
		{290184FF-CBA2-406C-B0CC-C361DF5C10DF}.Release|x64.ActiveCfg = Release|Any CPU
		{290184FF-CBA2-406C-B0CC-C361DF5C10DF}.Release|x64.Build.0 = Release|Any CPU
		{290184FF-CBA2-406C-B0CC-C361DF5C10DF}.Release|x86.ActiveCfg = Release|Any CPU
		{290184FF-CBA2-406C-B0CC-C361DF5C10DF}.Release|x86.Build.0 = Release|Any CPU
		{45E58265-BE69-45AC-9F7B-671983CB331A}.Debug|Any CPU.ActiveCfg = Debug|Any CPU
		{45E58265-BE69-45AC-9F7B-671983CB331A}.Debug|Any CPU.Build.0 = Debug|Any CPU
		{45E58265-BE69-45AC-9F7B-671983CB331A}.Debug|x64.ActiveCfg = Debug|Any CPU
		{45E58265-BE69-45AC-9F7B-671983CB331A}.Debug|x64.Build.0 = Debug|Any CPU
		{45E58265-BE69-45AC-9F7B-671983CB331A}.Debug|x86.ActiveCfg = Debug|Any CPU
		{45E58265-BE69-45AC-9F7B-671983CB331A}.Debug|x86.Build.0 = Debug|Any CPU
		{45E58265-BE69-45AC-9F7B-671983CB331A}.Release|Any CPU.ActiveCfg = Release|Any CPU
		{45E58265-BE69-45AC-9F7B-671983CB331A}.Release|Any CPU.Build.0 = Release|Any CPU
		{45E58265-BE69-45AC-9F7B-671983CB331A}.Release|x64.ActiveCfg = Release|Any CPU
		{45E58265-BE69-45AC-9F7B-671983CB331A}.Release|x64.Build.0 = Release|Any CPU
		{45E58265-BE69-45AC-9F7B-671983CB331A}.Release|x86.ActiveCfg = Release|Any CPU
		{45E58265-BE69-45AC-9F7B-671983CB331A}.Release|x86.Build.0 = Release|Any CPU
		{3B8FEC0B-CAFD-4898-BDD6-E87B85F67C36}.Debug|Any CPU.ActiveCfg = Debug|Any CPU
		{3B8FEC0B-CAFD-4898-BDD6-E87B85F67C36}.Debug|Any CPU.Build.0 = Debug|Any CPU
		{3B8FEC0B-CAFD-4898-BDD6-E87B85F67C36}.Debug|x64.ActiveCfg = Debug|Any CPU
		{3B8FEC0B-CAFD-4898-BDD6-E87B85F67C36}.Debug|x64.Build.0 = Debug|Any CPU
		{3B8FEC0B-CAFD-4898-BDD6-E87B85F67C36}.Debug|x86.ActiveCfg = Debug|Any CPU
		{3B8FEC0B-CAFD-4898-BDD6-E87B85F67C36}.Debug|x86.Build.0 = Debug|Any CPU
		{3B8FEC0B-CAFD-4898-BDD6-E87B85F67C36}.Release|Any CPU.ActiveCfg = Release|Any CPU
		{3B8FEC0B-CAFD-4898-BDD6-E87B85F67C36}.Release|Any CPU.Build.0 = Release|Any CPU
		{3B8FEC0B-CAFD-4898-BDD6-E87B85F67C36}.Release|x64.ActiveCfg = Release|Any CPU
		{3B8FEC0B-CAFD-4898-BDD6-E87B85F67C36}.Release|x64.Build.0 = Release|Any CPU
		{3B8FEC0B-CAFD-4898-BDD6-E87B85F67C36}.Release|x86.ActiveCfg = Release|Any CPU
		{3B8FEC0B-CAFD-4898-BDD6-E87B85F67C36}.Release|x86.Build.0 = Release|Any CPU
	EndGlobalSection
	GlobalSection(SolutionProperties) = preSolution
		HideSolutionNode = FALSE
	EndGlobalSection
	GlobalSection(ExtensibilityGlobals) = postSolution
		SolutionGuid = {92AD2866-44BA-4A2D-B8E4-6E9D3381BBD0}
	EndGlobalSection
EndGlobal
